{
  "version": 4,
  "terraform_version": "1.3.9",
  "serial": 251,
  "lineage": "8200fca6-5c8c-ac10-a83c-9cba903f9c14",
  "outputs": {},
  "resources": [
    {
      "module": "module.aws_eks_cluster",
      "mode": "managed",
      "type": "aws_eip",
      "name": "nat",
      "provider": "provider[\"registry.terraform.io/hashicorp/aws\"]",
      "instances": [
        {
          "schema_version": 0,
          "attributes": {
            "address": null,
            "allocation_id": "eipalloc-0cfed2450b2b0eba8",
            "associate_with_private_ip": null,
            "association_id": "",
            "carrier_ip": "",
            "customer_owned_ip": "",
            "customer_owned_ipv4_pool": "",
            "domain": "vpc",
            "id": "eipalloc-0cfed2450b2b0eba8",
            "instance": "",
            "network_border_group": "us-west-2",
            "network_interface": "",
            "private_dns": null,
            "private_ip": "",
            "public_dns": "ec2-54-203-8-178.us-west-2.compute.amazonaws.com",
            "public_ip": "54.203.8.178",
            "public_ipv4_pool": "amazon",
            "tags": {
              "Name": "nat"
            },
            "tags_all": {
              "Name": "nat"
            },
            "timeouts": null,
            "vpc": true
          },
          "sensitive_attributes": [],
          "private": "eyJlMmJmYjczMC1lY2FhLTExZTYtOGY4OC0zNDM2M2JjN2M0YzAiOnsiZGVsZXRlIjoxODAwMDAwMDAwMDAsInJlYWQiOjkwMDAwMDAwMDAwMCwidXBkYXRlIjozMDAwMDAwMDAwMDB9fQ=="
        }
      ]
    },
    {
      "module": "module.aws_eks_cluster",
      "mode": "managed",
      "type": "aws_eks_cluster",
      "name": "demo",
      "provider": "provider[\"registry.terraform.io/hashicorp/aws\"]",
      "instances": [
        {
          "schema_version": 0,
          "attributes": {
            "arn": "arn:aws:eks:us-west-2:428813457696:cluster/demo",
            "certificate_authority": [
              {
                "data": "LS0tLS1CRUdJTiBDRVJUSUZJQ0FURS0tLS0tCk1JSURCVENDQWUyZ0F3SUJBZ0lJSlJPaVptNTFFU2d3RFFZSktvWklodmNOQVFFTEJRQXdGVEVUTUJFR0ExVUUKQXhNS2EzVmlaWEp1WlhSbGN6QWVGdzB5TXpBNE1qRXlNekF6TXpSYUZ3MHpNekE0TVRneU16QXpNelJhTUJVeApFekFSQmdOVkJBTVRDbXQxWW1WeWJtVjBaWE13Z2dFaU1BMEdDU3FHU0liM0RRRUJBUVVBQTRJQkR3QXdnZ0VLCkFvSUJBUUQyK2JseFoxTjNZakRJV0pDaFdIWG83SXkvbVVYOHd0RStSTDc4MVdXZFRYZHdvSjBrM0szM2RKd0IKSUxWb2pwUUtvRkNkNWxzVU1ZL3daSFNBZDFrTTVDQjA2alBuSVpmQVdPenBXTXdGS0gvRjlnTk5ySVRBZGxIMwpoY0xUc01LaVJtcWh0SzIrc0wzYVAvWStuVXpiT2I1d1Jqanp1akZsSjE2TWZLU1JyRDk0NWxoT1pmRERWU3M4Cmw5WTkxMkdZMFlWa2NIZVN3Y0VjWkUxTkFMWGwrRHExSzJxNXBINjA3UkhvQ1U2V1dUbm42dmgzVFBDQlpla2wKWmc0VEtXdVJxN2J0S28yZkp6RS9XR2IzSGdOUnVIZFZRU0FVTzNSWHlPeXZnNG02anhuMndQWHB1WWZYR1ZOSwpudHNBdkpQYVJoQzA2TzI5T2YraDhOaUJqSXYzQWdNQkFBR2pXVEJYTUE0R0ExVWREd0VCL3dRRUF3SUNwREFQCkJnTlZIUk1CQWY4RUJUQURBUUgvTUIwR0ExVWREZ1FXQkJTcTRQNkpDYmcyR3BzeTUzSlpjYW5jeGZ1NVRUQVYKQmdOVkhSRUVEakFNZ2dwcmRXSmxjbTVsZEdWek1BMEdDU3FHU0liM0RRRUJDd1VBQTRJQkFRQ3ExdE5HWHcxbwprZzZ4YTNMbitOdlpuSjBIQUJzN0ducFdxa096TXpJc3YzeEVDVjNVdE51cE9xTmVKeHJEWWVYdjgweWpjWjN1Ckh3SHIvSnprV0tHRC9hL2NBalpqbGpIZVhZM0RzWEY2OXI5ZmhmcWh4KzBnS0xzSHppOHUwb1h4WVJNSHRvYTAKVUtxeEw1U21BS0FiRit6U1FTSTZLdWo2eUpWUUdTQ1g2V3plWWtJaXU4U2Q3YytBQjZHbWJGdTlIN1RFWWN3UQpMRDM2WW9sSXFZZ2EyaXR0K3pCL3hrTE1ic3JydGdLL3laUVUvYUZLYzFuNjhsV01JVmlUdC9TMDZ6K3VuNjAzCkFRUVBsMHBUUE0wekpIZkxOVTVqR05OajZaREVqUnNMayt1V1VhTzJRd211QjJPSDMxQmlhZElSUVBVSHhvTjQKYzRZbnJBbm9Zc2pvCi0tLS0tRU5EIENFUlRJRklDQVRFLS0tLS0K"
              }
            ],
            "created_at": "2023-08-21 22:59:00.444 +0000 UTC",
            "enabled_cluster_log_types": null,
            "encryption_config": [],
            "endpoint": "https://AB46809933C4BBD4A5F61442CE6F5906.gr7.us-west-2.eks.amazonaws.com",
            "id": "demo",
            "identity": [
              {
                "oidc": [
                  {
                    "issuer": "https://oidc.eks.us-west-2.amazonaws.com/id/AB46809933C4BBD4A5F61442CE6F5906"
                  }
                ]
              }
            ],
            "kubernetes_network_config": [
              {
                "ip_family": "ipv4",
                "service_ipv4_cidr": "172.20.0.0/16"
              }
            ],
            "name": "demo",
            "platform_version": "eks.4",
            "role_arn": "arn:aws:iam::428813457696:role/java-application",
            "status": "ACTIVE",
            "tags": null,
            "tags_all": {},
            "timeouts": null,
            "version": "1.27",
            "vpc_config": [
              {
                "cluster_security_group_id": "sg-08529a0ab23305771",
                "endpoint_private_access": false,
                "endpoint_public_access": true,
                "public_access_cidrs": [
                  "0.0.0.0/0"
                ],
                "security_group_ids": null,
                "subnet_ids": [
                  "subnet-019ff00e6d8833952",
                  "subnet-051718f6ffdfae03b",
                  "subnet-08bdb8fd18008fda9",
                  "subnet-0c9d70ae0459d1ea2"
                ],
                "vpc_id": "vpc-096e0942603558eee"
              }
            ]
          },
          "sensitive_attributes": [],
          "private": "eyJlMmJmYjczMC1lY2FhLTExZTYtOGY4OC0zNDM2M2JjN2M0YzAiOnsiY3JlYXRlIjoxODAwMDAwMDAwMDAwLCJkZWxldGUiOjkwMDAwMDAwMDAwMCwidXBkYXRlIjozNjAwMDAwMDAwMDAwfX0=",
          "dependencies": [
            "module.aws_eks_cluster.aws_iam_role.demo",
            "module.aws_eks_cluster.aws_iam_role_policy_attachment.demo-AmazonEKSClusterPolicy",
            "module.aws_eks_cluster.aws_subnet.private-us-east-2a",
            "module.aws_eks_cluster.aws_subnet.private-us-east-2b",
            "module.aws_eks_cluster.aws_subnet.public-us-east-2a",
            "module.aws_eks_cluster.aws_subnet.public-us-east-2b",
            "module.aws_eks_cluster.aws_vpc.main"
          ]
        }
      ]
    },
    {
      "module": "module.aws_eks_cluster",
      "mode": "managed",
      "type": "aws_eks_node_group",
      "name": "public-nodes",
      "provider": "provider[\"registry.terraform.io/hashicorp/aws\"]",
      "instances": [
        {
          "status": "tainted",
          "schema_version": 0,
          "attributes": {
            "ami_type": null,
            "arn": null,
            "capacity_type": "ON_DEMAND",
            "cluster_name": "demo",
            "disk_size": null,
            "force_update_version": null,
            "id": "demo:public-nodes",
            "instance_types": [
              "t2.micro"
            ],
            "labels": {
              "role": "general"
            },
            "launch_template": [],
            "node_group_name": "public-nodes",
            "node_group_name_prefix": null,
            "node_role_arn": "arn:aws:iam::428813457696:role/eks-node-group-nodes",
            "release_version": null,
            "remote_access": [],
            "resources": null,
            "scaling_config": [
              {
                "desired_size": 3,
                "max_size": 3,
                "min_size": 1
              }
            ],
            "status": null,
            "subnet_ids": [
              "subnet-08bdb8fd18008fda9",
              "subnet-0c9d70ae0459d1ea2"
            ],
            "tags": null,
            "tags_all": null,
            "taint": [],
            "timeouts": null,
            "update_config": [
              {
                "max_unavailable": 2,
                "max_unavailable_percentage": 0
              }
            ],
            "version": null
          },
          "sensitive_attributes": [],
          "private": "eyJlMmJmYjczMC1lY2FhLTExZTYtOGY4OC0zNDM2M2JjN2M0YzAiOnsiY3JlYXRlIjozNjAwMDAwMDAwMDAwLCJkZWxldGUiOjM2MDAwMDAwMDAwMDAsInVwZGF0ZSI6MzYwMDAwMDAwMDAwMH19",
          "dependencies": [
            "module.aws_eks_cluster.aws_eks_cluster.demo",
            "module.aws_eks_cluster.aws_iam_role.demo",
            "module.aws_eks_cluster.aws_iam_role.nodes",
            "module.aws_eks_cluster.aws_iam_role_policy_attachment.demo-AmazonEKSClusterPolicy",
            "module.aws_eks_cluster.aws_iam_role_policy_attachment.nodes-AmazonEC2ContainerRegistryReadOnly",
            "module.aws_eks_cluster.aws_iam_role_policy_attachment.nodes-AmazonEKSWorkerNodePolicy",
            "module.aws_eks_cluster.aws_iam_role_policy_attachment.nodes-AmazonEKS_CNI_Policy",
            "module.aws_eks_cluster.aws_subnet.private-us-east-2a",
            "module.aws_eks_cluster.aws_subnet.private-us-east-2b",
            "module.aws_eks_cluster.aws_subnet.public-us-east-2a",
            "module.aws_eks_cluster.aws_subnet.public-us-east-2b",
            "module.aws_eks_cluster.aws_vpc.main"
          ]
        }
      ]
    },
    {
      "module": "module.aws_eks_cluster",
      "mode": "managed",
      "type": "aws_iam_role",
      "name": "demo",
      "provider": "provider[\"registry.terraform.io/hashicorp/aws\"]",
      "instances": [
        {
          "schema_version": 0,
          "attributes": {
            "arn": "arn:aws:iam::428813457696:role/java-application",
            "assume_role_policy": "{\"Version\":\"2012-10-17\",\"Statement\":[{\"Effect\":\"Allow\",\"Principal\":{\"Service\":\"eks.amazonaws.com\"},\"Action\":\"sts:AssumeRole\"}]}",
            "create_date": "2023-08-21T22:58:27Z",
            "description": "",
            "force_detach_policies": false,
            "id": "java-application",
            "inline_policy": [
              {
                "name": "",
                "policy": ""
              }
            ],
            "managed_policy_arns": [],
            "max_session_duration": 3600,
            "name": "java-application",
            "name_prefix": "",
            "path": "/",
            "permissions_boundary": null,
            "tags": null,
            "tags_all": {},
            "unique_id": "AROAWHV2GDEQCBB2JNO55"
          },
          "sensitive_attributes": [],
          "private": "bnVsbA=="
        }
      ]
    },
    {
      "module": "module.aws_eks_cluster",
      "mode": "managed",
      "type": "aws_iam_role",
      "name": "nodes",
      "provider": "provider[\"registry.terraform.io/hashicorp/aws\"]",
      "instances": [
        {
          "schema_version": 0,
          "attributes": {
            "arn": "arn:aws:iam::428813457696:role/eks-node-group-nodes",
            "assume_role_policy": "{\"Version\":\"2012-10-17\",\"Statement\":[{\"Effect\":\"Allow\",\"Principal\":{\"Service\":\"ec2.amazonaws.com\"},\"Action\":\"sts:AssumeRole\"}]}",
            "create_date": "2023-08-21T22:58:27Z",
            "description": "",
            "force_detach_policies": false,
            "id": "eks-node-group-nodes",
            "inline_policy": [
              {
                "name": "",
                "policy": ""
              }
            ],
            "managed_policy_arns": [],
            "max_session_duration": 3600,
            "name": "eks-node-group-nodes",
            "name_prefix": "",
            "path": "/",
            "permissions_boundary": null,
            "tags": null,
            "tags_all": {},
            "unique_id": "AROAWHV2GDEQEY5MQVYZW"
          },
          "sensitive_attributes": [],
          "private": "bnVsbA=="
        }
      ]
    },
    {
      "module": "module.aws_eks_cluster",
      "mode": "managed",
      "type": "aws_iam_role_policy_attachment",
      "name": "demo-AmazonEKSClusterPolicy",
      "provider": "provider[\"registry.terraform.io/hashicorp/aws\"]",
      "instances": [
        {
          "schema_version": 0,
          "attributes": {
            "id": "java-application-20230821225832517400000001",
            "policy_arn": "arn:aws:iam::aws:policy/AmazonEKSClusterPolicy",
            "role": "java-application"
          },
          "sensitive_attributes": [],
          "private": "bnVsbA==",
          "dependencies": [
            "module.aws_eks_cluster.aws_iam_role.demo"
          ]
        }
      ]
    },
    {
      "module": "module.aws_eks_cluster",
      "mode": "managed",
      "type": "aws_iam_role_policy_attachment",
      "name": "nodes-AmazonEC2ContainerRegistryReadOnly",
      "provider": "provider[\"registry.terraform.io/hashicorp/aws\"]",
      "instances": [
        {
          "schema_version": 0,
          "attributes": {
            "id": "eks-node-group-nodes-20230821225832542600000002",
            "policy_arn": "arn:aws:iam::aws:policy/AmazonEC2ContainerRegistryReadOnly",
            "role": "eks-node-group-nodes"
          },
          "sensitive_attributes": [],
          "private": "bnVsbA==",
          "dependencies": [
            "module.aws_eks_cluster.aws_iam_role.nodes"
          ]
        }
      ]
    },
    {
      "module": "module.aws_eks_cluster",
      "mode": "managed",
      "type": "aws_iam_role_policy_attachment",
      "name": "nodes-AmazonEKSWorkerNodePolicy",
      "provider": "provider[\"registry.terraform.io/hashicorp/aws\"]",
      "instances": [
        {
          "schema_version": 0,
          "attributes": {
            "id": "eks-node-group-nodes-20230821225832561900000003",
            "policy_arn": "arn:aws:iam::aws:policy/AmazonEKSWorkerNodePolicy",
            "role": "eks-node-group-nodes"
          },
          "sensitive_attributes": [],
          "private": "bnVsbA==",
          "dependencies": [
            "module.aws_eks_cluster.aws_iam_role.nodes"
          ]
        }
      ]
    },
    {
      "module": "module.aws_eks_cluster",
      "mode": "managed",
      "type": "aws_iam_role_policy_attachment",
      "name": "nodes-AmazonEKS_CNI_Policy",
      "provider": "provider[\"registry.terraform.io/hashicorp/aws\"]",
      "instances": [
        {
          "schema_version": 0,
          "attributes": {
            "id": "eks-node-group-nodes-20230821225832604400000004",
            "policy_arn": "arn:aws:iam::aws:policy/AmazonEKS_CNI_Policy",
            "role": "eks-node-group-nodes"
          },
          "sensitive_attributes": [],
          "private": "bnVsbA==",
          "dependencies": [
            "module.aws_eks_cluster.aws_iam_role.nodes"
          ]
        }
      ]
    },
    {
      "module": "module.aws_eks_cluster",
      "mode": "managed",
      "type": "aws_internet_gateway",
      "name": "igw",
      "provider": "provider[\"registry.terraform.io/hashicorp/aws\"]",
      "instances": [
        {
          "schema_version": 0,
          "attributes": {
            "arn": "arn:aws:ec2:us-west-2:428813457696:internet-gateway/igw-039ccccd74cf41179",
            "id": "igw-039ccccd74cf41179",
            "owner_id": "428813457696",
            "tags": {
              "Name": "igw"
            },
            "tags_all": {
              "Name": "igw"
            },
            "vpc_id": "vpc-096e0942603558eee"
          },
          "sensitive_attributes": [],
          "private": "bnVsbA==",
          "dependencies": [
            "module.aws_eks_cluster.aws_vpc.main"
          ]
        }
      ]
    },
    {
      "module": "module.aws_eks_cluster",
      "mode": "managed",
      "type": "aws_nat_gateway",
      "name": "nat",
      "provider": "provider[\"registry.terraform.io/hashicorp/aws\"]",
      "instances": [
        {
          "schema_version": 0,
          "attributes": {
            "allocation_id": "eipalloc-0cfed2450b2b0eba8",
            "connectivity_type": "public",
            "id": "nat-058b6596ba349c13d",
            "network_interface_id": "eni-015cf44c67c25b8e3",
            "private_ip": "10.0.69.36",
            "public_ip": "54.203.8.178",
            "subnet_id": "subnet-0c9d70ae0459d1ea2",
            "tags": {
              "Name": "nat"
            },
            "tags_all": {
              "Name": "nat"
            }
          },
          "sensitive_attributes": [],
          "private": "bnVsbA==",
          "dependencies": [
            "module.aws_eks_cluster.aws_eip.nat",
            "module.aws_eks_cluster.aws_internet_gateway.igw",
            "module.aws_eks_cluster.aws_subnet.public-us-east-2a",
            "module.aws_eks_cluster.aws_vpc.main"
          ]
        }
      ]
    },
    {
      "module": "module.aws_eks_cluster",
      "mode": "managed",
      "type": "aws_route_table",
      "name": "private",
      "provider": "provider[\"registry.terraform.io/hashicorp/aws\"]",
      "instances": [
        {
          "schema_version": 0,
          "attributes": {
            "arn": "arn:aws:ec2:us-west-2:428813457696:route-table/rtb-0058c135229ec5f0a",
            "id": "rtb-0058c135229ec5f0a",
            "owner_id": "428813457696",
            "propagating_vgws": [],
            "route": [
              {
                "carrier_gateway_id": "",
                "cidr_block": "0.0.0.0/0",
                "destination_prefix_list_id": "",
                "egress_only_gateway_id": "",
                "gateway_id": "",
                "instance_id": "",
                "ipv6_cidr_block": "",
                "local_gateway_id": "",
                "nat_gateway_id": "nat-058b6596ba349c13d",
                "network_interface_id": "",
                "transit_gateway_id": "",
                "vpc_endpoint_id": "",
                "vpc_peering_connection_id": ""
              }
            ],
            "tags": {
              "Name": "private"
            },
            "tags_all": {
              "Name": "private"
            },
            "timeouts": null,
            "vpc_id": "vpc-096e0942603558eee"
          },
          "sensitive_attributes": [],
          "private": "eyJlMmJmYjczMC1lY2FhLTExZTYtOGY4OC0zNDM2M2JjN2M0YzAiOnsiY3JlYXRlIjozMDAwMDAwMDAwMDAsImRlbGV0ZSI6MzAwMDAwMDAwMDAwLCJ1cGRhdGUiOjEyMDAwMDAwMDAwMH19",
          "dependencies": [
            "module.aws_eks_cluster.aws_eip.nat",
            "module.aws_eks_cluster.aws_internet_gateway.igw",
            "module.aws_eks_cluster.aws_nat_gateway.nat",
            "module.aws_eks_cluster.aws_subnet.public-us-east-2a",
            "module.aws_eks_cluster.aws_vpc.main"
          ]
        }
      ]
    },
    {
      "module": "module.aws_eks_cluster",
      "mode": "managed",
      "type": "aws_route_table",
      "name": "public",
      "provider": "provider[\"registry.terraform.io/hashicorp/aws\"]",
      "instances": [
        {
          "schema_version": 0,
          "attributes": {
            "arn": "arn:aws:ec2:us-west-2:428813457696:route-table/rtb-08b4fdc82acf239a6",
            "id": "rtb-08b4fdc82acf239a6",
            "owner_id": "428813457696",
            "propagating_vgws": [],
            "route": [
              {
                "carrier_gateway_id": "",
                "cidr_block": "0.0.0.0/0",
                "destination_prefix_list_id": "",
                "egress_only_gateway_id": "",
                "gateway_id": "igw-039ccccd74cf41179",
                "instance_id": "",
                "ipv6_cidr_block": "",
                "local_gateway_id": "",
                "nat_gateway_id": "",
                "network_interface_id": "",
                "transit_gateway_id": "",
                "vpc_endpoint_id": "",
                "vpc_peering_connection_id": ""
              }
            ],
            "tags": {
              "Name": "public"
            },
            "tags_all": {
              "Name": "public"
            },
            "timeouts": null,
            "vpc_id": "vpc-096e0942603558eee"
          },
          "sensitive_attributes": [],
          "private": "eyJlMmJmYjczMC1lY2FhLTExZTYtOGY4OC0zNDM2M2JjN2M0YzAiOnsiY3JlYXRlIjozMDAwMDAwMDAwMDAsImRlbGV0ZSI6MzAwMDAwMDAwMDAwLCJ1cGRhdGUiOjEyMDAwMDAwMDAwMH19",
          "dependencies": [
            "module.aws_eks_cluster.aws_internet_gateway.igw",
            "module.aws_eks_cluster.aws_vpc.main"
          ]
        }
      ]
    },
    {
      "module": "module.aws_eks_cluster",
      "mode": "managed",
      "type": "aws_route_table_association",
      "name": "private-us-east-2a",
      "provider": "provider[\"registry.terraform.io/hashicorp/aws\"]",
      "instances": [
        {
          "schema_version": 0,
          "attributes": {
            "gateway_id": "",
            "id": "rtbassoc-09bf45db8bd45cade",
            "route_table_id": "rtb-0058c135229ec5f0a",
            "subnet_id": "subnet-019ff00e6d8833952"
          },
          "sensitive_attributes": [],
          "private": "bnVsbA==",
          "dependencies": [
            "module.aws_eks_cluster.aws_eip.nat",
            "module.aws_eks_cluster.aws_internet_gateway.igw",
            "module.aws_eks_cluster.aws_nat_gateway.nat",
            "module.aws_eks_cluster.aws_route_table.private",
            "module.aws_eks_cluster.aws_subnet.private-us-east-2a",
            "module.aws_eks_cluster.aws_subnet.public-us-east-2a",
            "module.aws_eks_cluster.aws_vpc.main"
          ]
        }
      ]
    },
    {
      "module": "module.aws_eks_cluster",
      "mode": "managed",
      "type": "aws_route_table_association",
      "name": "private-us-east-2b",
      "provider": "provider[\"registry.terraform.io/hashicorp/aws\"]",
      "instances": [
        {
          "schema_version": 0,
          "attributes": {
            "gateway_id": "",
            "id": "rtbassoc-044f641dfb2f70cd7",
            "route_table_id": "rtb-0058c135229ec5f0a",
            "subnet_id": "subnet-051718f6ffdfae03b"
          },
          "sensitive_attributes": [],
          "private": "bnVsbA==",
          "dependencies": [
            "module.aws_eks_cluster.aws_eip.nat",
            "module.aws_eks_cluster.aws_internet_gateway.igw",
            "module.aws_eks_cluster.aws_nat_gateway.nat",
            "module.aws_eks_cluster.aws_route_table.private",
            "module.aws_eks_cluster.aws_subnet.private-us-east-2b",
            "module.aws_eks_cluster.aws_subnet.public-us-east-2a",
            "module.aws_eks_cluster.aws_vpc.main"
          ]
        }
      ]
    },
    {
      "module": "module.aws_eks_cluster",
      "mode": "managed",
      "type": "aws_route_table_association",
      "name": "public-us-east-2a",
      "provider": "provider[\"registry.terraform.io/hashicorp/aws\"]",
      "instances": [
        {
          "schema_version": 0,
          "attributes": {
            "gateway_id": "",
            "id": "rtbassoc-0d4ddfdca410f884b",
            "route_table_id": "rtb-08b4fdc82acf239a6",
            "subnet_id": "subnet-0c9d70ae0459d1ea2"
          },
          "sensitive_attributes": [],
          "private": "bnVsbA==",
          "dependencies": [
            "module.aws_eks_cluster.aws_internet_gateway.igw",
            "module.aws_eks_cluster.aws_route_table.public",
            "module.aws_eks_cluster.aws_subnet.public-us-east-2a",
            "module.aws_eks_cluster.aws_vpc.main"
          ]
        }
      ]
    },
    {
      "module": "module.aws_eks_cluster",
      "mode": "managed",
      "type": "aws_route_table_association",
      "name": "public-us-east-2b",
      "provider": "provider[\"registry.terraform.io/hashicorp/aws\"]",
      "instances": [
        {
          "schema_version": 0,
          "attributes": {
            "gateway_id": "",
            "id": "rtbassoc-0d324b09c835f9174",
            "route_table_id": "rtb-08b4fdc82acf239a6",
            "subnet_id": "subnet-08bdb8fd18008fda9"
          },
          "sensitive_attributes": [],
          "private": "bnVsbA==",
          "dependencies": [
            "module.aws_eks_cluster.aws_internet_gateway.igw",
            "module.aws_eks_cluster.aws_route_table.public",
            "module.aws_eks_cluster.aws_subnet.public-us-east-2b",
            "module.aws_eks_cluster.aws_vpc.main"
          ]
        }
      ]
    },
    {
      "module": "module.aws_eks_cluster",
      "mode": "managed",
      "type": "aws_subnet",
      "name": "private-us-east-2a",
      "provider": "provider[\"registry.terraform.io/hashicorp/aws\"]",
      "instances": [
        {
          "schema_version": 1,
          "attributes": {
            "arn": "arn:aws:ec2:us-west-2:428813457696:subnet/subnet-019ff00e6d8833952",
            "assign_ipv6_address_on_creation": false,
            "availability_zone": "us-west-2a",
            "availability_zone_id": "usw2-az2",
            "cidr_block": "10.0.0.0/19",
            "customer_owned_ipv4_pool": "",
            "enable_dns64": false,
            "enable_resource_name_dns_a_record_on_launch": false,
            "enable_resource_name_dns_aaaa_record_on_launch": false,
            "id": "subnet-019ff00e6d8833952",
            "ipv6_cidr_block": "",
            "ipv6_cidr_block_association_id": "",
            "ipv6_native": false,
            "map_customer_owned_ip_on_launch": false,
            "map_public_ip_on_launch": false,
            "outpost_arn": "",
            "owner_id": "428813457696",
            "private_dns_hostname_type_on_launch": "ip-name",
            "tags": {
              "Name": "private-us-us-west-2a",
              "kubernetes.io/cluster/demo": "owned",
              "kubernetes.io/role/internal-elb": "1"
            },
            "tags_all": {
              "Name": "private-us-us-west-2a",
              "kubernetes.io/cluster/demo": "owned",
              "kubernetes.io/role/internal-elb": "1"
            },
            "timeouts": null,
            "vpc_id": "vpc-096e0942603558eee"
          },
          "sensitive_attributes": [],
          "private": "eyJlMmJmYjczMC1lY2FhLTExZTYtOGY4OC0zNDM2M2JjN2M0YzAiOnsiY3JlYXRlIjo2MDAwMDAwMDAwMDAsImRlbGV0ZSI6MTIwMDAwMDAwMDAwMH0sInNjaGVtYV92ZXJzaW9uIjoiMSJ9",
          "dependencies": [
            "module.aws_eks_cluster.aws_vpc.main"
          ]
        }
      ]
    },
    {
      "module": "module.aws_eks_cluster",
      "mode": "managed",
      "type": "aws_subnet",
      "name": "private-us-east-2b",
      "provider": "provider[\"registry.terraform.io/hashicorp/aws\"]",
      "instances": [
        {
          "schema_version": 1,
          "attributes": {
            "arn": "arn:aws:ec2:us-west-2:428813457696:subnet/subnet-051718f6ffdfae03b",
            "assign_ipv6_address_on_creation": false,
            "availability_zone": "us-west-2b",
            "availability_zone_id": "usw2-az1",
            "cidr_block": "10.0.32.0/19",
            "customer_owned_ipv4_pool": "",
            "enable_dns64": false,
            "enable_resource_name_dns_a_record_on_launch": false,
            "enable_resource_name_dns_aaaa_record_on_launch": false,
            "id": "subnet-051718f6ffdfae03b",
            "ipv6_cidr_block": "",
            "ipv6_cidr_block_association_id": "",
            "ipv6_native": false,
            "map_customer_owned_ip_on_launch": false,
            "map_public_ip_on_launch": false,
            "outpost_arn": "",
            "owner_id": "428813457696",
            "private_dns_hostname_type_on_launch": "ip-name",
            "tags": {
              "Name": "private-us-west-2b",
              "kubernetes.io/cluster/demo": "owned",
              "kubernetes.io/role/internal-elb": "1"
            },
            "tags_all": {
              "Name": "private-us-west-2b",
              "kubernetes.io/cluster/demo": "owned",
              "kubernetes.io/role/internal-elb": "1"
            },
            "timeouts": null,
            "vpc_id": "vpc-096e0942603558eee"
          },
          "sensitive_attributes": [],
          "private": "eyJlMmJmYjczMC1lY2FhLTExZTYtOGY4OC0zNDM2M2JjN2M0YzAiOnsiY3JlYXRlIjo2MDAwMDAwMDAwMDAsImRlbGV0ZSI6MTIwMDAwMDAwMDAwMH0sInNjaGVtYV92ZXJzaW9uIjoiMSJ9",
          "dependencies": [
            "module.aws_eks_cluster.aws_vpc.main"
          ]
        }
      ]
    },
    {
      "module": "module.aws_eks_cluster",
      "mode": "managed",
      "type": "aws_subnet",
      "name": "public-us-east-2a",
      "provider": "provider[\"registry.terraform.io/hashicorp/aws\"]",
      "instances": [
        {
          "schema_version": 1,
          "attributes": {
            "arn": "arn:aws:ec2:us-west-2:428813457696:subnet/subnet-0c9d70ae0459d1ea2",
            "assign_ipv6_address_on_creation": false,
            "availability_zone": "us-west-2c",
            "availability_zone_id": "usw2-az3",
            "cidr_block": "10.0.64.0/19",
            "customer_owned_ipv4_pool": "",
            "enable_dns64": false,
            "enable_resource_name_dns_a_record_on_launch": false,
            "enable_resource_name_dns_aaaa_record_on_launch": false,
            "id": "subnet-0c9d70ae0459d1ea2",
            "ipv6_cidr_block": "",
            "ipv6_cidr_block_association_id": "",
            "ipv6_native": false,
            "map_customer_owned_ip_on_launch": false,
            "map_public_ip_on_launch": true,
            "outpost_arn": "",
            "owner_id": "428813457696",
            "private_dns_hostname_type_on_launch": "ip-name",
            "tags": {
              "Name": "public-us-west-2c",
              "kubernetes.io/cluster/demo": "owned",
              "kubernetes.io/role/elb": "1"
            },
            "tags_all": {
              "Name": "public-us-west-2c",
              "kubernetes.io/cluster/demo": "owned",
              "kubernetes.io/role/elb": "1"
            },
            "timeouts": null,
            "vpc_id": "vpc-096e0942603558eee"
          },
          "sensitive_attributes": [],
          "private": "eyJlMmJmYjczMC1lY2FhLTExZTYtOGY4OC0zNDM2M2JjN2M0YzAiOnsiY3JlYXRlIjo2MDAwMDAwMDAwMDAsImRlbGV0ZSI6MTIwMDAwMDAwMDAwMH0sInNjaGVtYV92ZXJzaW9uIjoiMSJ9",
          "dependencies": [
            "module.aws_eks_cluster.aws_vpc.main"
          ]
        }
      ]
    },
    {
      "module": "module.aws_eks_cluster",
      "mode": "managed",
      "type": "aws_subnet",
      "name": "public-us-east-2b",
      "provider": "provider[\"registry.terraform.io/hashicorp/aws\"]",
      "instances": [
        {
          "schema_version": 1,
          "attributes": {
            "arn": "arn:aws:ec2:us-west-2:428813457696:subnet/subnet-08bdb8fd18008fda9",
            "assign_ipv6_address_on_creation": false,
            "availability_zone": "us-west-2d",
            "availability_zone_id": "usw2-az4",
            "cidr_block": "10.0.96.0/19",
            "customer_owned_ipv4_pool": "",
            "enable_dns64": false,
            "enable_resource_name_dns_a_record_on_launch": false,
            "enable_resource_name_dns_aaaa_record_on_launch": false,
            "id": "subnet-08bdb8fd18008fda9",
            "ipv6_cidr_block": "",
            "ipv6_cidr_block_association_id": "",
            "ipv6_native": false,
            "map_customer_owned_ip_on_launch": false,
            "map_public_ip_on_launch": true,
            "outpost_arn": "",
            "owner_id": "428813457696",
            "private_dns_hostname_type_on_launch": "ip-name",
            "tags": {
              "Name": "public-us-west-2d",
              "kubernetes.io/cluster/demo": "owned",
              "kubernetes.io/role/elb": "1"
            },
            "tags_all": {
              "Name": "public-us-west-2d",
              "kubernetes.io/cluster/demo": "owned",
              "kubernetes.io/role/elb": "1"
            },
            "timeouts": null,
            "vpc_id": "vpc-096e0942603558eee"
          },
          "sensitive_attributes": [],
          "private": "eyJlMmJmYjczMC1lY2FhLTExZTYtOGY4OC0zNDM2M2JjN2M0YzAiOnsiY3JlYXRlIjo2MDAwMDAwMDAwMDAsImRlbGV0ZSI6MTIwMDAwMDAwMDAwMH0sInNjaGVtYV92ZXJzaW9uIjoiMSJ9",
          "dependencies": [
            "module.aws_eks_cluster.aws_vpc.main"
          ]
        }
      ]
    },
    {
      "module": "module.aws_eks_cluster",
      "mode": "managed",
      "type": "aws_vpc",
      "name": "main",
      "provider": "provider[\"registry.terraform.io/hashicorp/aws\"]",
      "instances": [
        {
          "schema_version": 1,
          "attributes": {
            "arn": "arn:aws:ec2:us-west-2:428813457696:vpc/vpc-096e0942603558eee",
            "assign_generated_ipv6_cidr_block": false,
            "cidr_block": "10.0.0.0/16",
            "default_network_acl_id": "acl-0934e8dcf94908de8",
            "default_route_table_id": "rtb-0f2431074d8063032",
            "default_security_group_id": "sg-0f18a05f0cd0c401b",
            "dhcp_options_id": "dopt-024f6d7a04f942b51",
            "enable_classiclink": false,
            "enable_classiclink_dns_support": false,
            "enable_dns_hostnames": false,
            "enable_dns_support": true,
            "id": "vpc-096e0942603558eee",
            "instance_tenancy": "default",
            "ipv4_ipam_pool_id": null,
            "ipv4_netmask_length": null,
            "ipv6_association_id": "",
            "ipv6_cidr_block": "",
            "ipv6_cidr_block_network_border_group": "",
            "ipv6_ipam_pool_id": "",
            "ipv6_netmask_length": 0,
            "main_route_table_id": "rtb-0f2431074d8063032",
            "owner_id": "428813457696",
            "tags": {
              "Name": "main"
            },
            "tags_all": {
              "Name": "main"
            }
          },
          "sensitive_attributes": [],
          "private": "eyJzY2hlbWFfdmVyc2lvbiI6IjEifQ=="
        }
      ]
    }
  ],
  "check_results": null
}
