{
  "version": 4,
  "terraform_version": "1.3.9",
  "serial": 268,
  "lineage": "8200fca6-5c8c-ac10-a83c-9cba903f9c14",
  "outputs": {},
  "resources": [
    {
      "module": "module.aws_eks_cluster",
      "mode": "managed",
      "type": "aws_eip",
      "name": "nat",
      "provider": "provider[\"registry.terraform.io/hashicorp/aws\"]",
      "instances": [
        {
          "schema_version": 0,
          "attributes": {
            "address": null,
            "allocation_id": "eipalloc-0949833ddea1d62d5",
            "associate_with_private_ip": null,
            "association_id": "",
            "carrier_ip": "",
            "customer_owned_ip": "",
            "customer_owned_ipv4_pool": "",
            "domain": "vpc",
            "id": "eipalloc-0949833ddea1d62d5",
            "instance": "",
            "network_border_group": "us-west-2",
            "network_interface": "",
            "private_dns": null,
            "private_ip": "",
            "public_dns": "ec2-44-233-202-116.us-west-2.compute.amazonaws.com",
            "public_ip": "44.233.202.116",
            "public_ipv4_pool": "amazon",
            "tags": {
              "Name": "nat"
            },
            "tags_all": {
              "Name": "nat"
            },
            "timeouts": null,
            "vpc": true
          },
          "sensitive_attributes": [],
          "private": "eyJlMmJmYjczMC1lY2FhLTExZTYtOGY4OC0zNDM2M2JjN2M0YzAiOnsiZGVsZXRlIjoxODAwMDAwMDAwMDAsInJlYWQiOjkwMDAwMDAwMDAwMCwidXBkYXRlIjozMDAwMDAwMDAwMDB9fQ=="
        }
      ]
    },
    {
      "module": "module.aws_eks_cluster",
      "mode": "managed",
      "type": "aws_eks_cluster",
      "name": "demo",
      "provider": "provider[\"registry.terraform.io/hashicorp/aws\"]",
      "instances": [
        {
          "schema_version": 0,
          "attributes": {
            "arn": "arn:aws:eks:us-west-2:644342757604:cluster/demo",
            "certificate_authority": [
              {
                "data": "LS0tLS1CRUdJTiBDRVJUSUZJQ0FURS0tLS0tCk1JSURCVENDQWUyZ0F3SUJBZ0lJUEt4di9sbGw5Q0V3RFFZSktvWklodmNOQVFFTEJRQXdGVEVUTUJFR0ExVUUKQXhNS2EzVmlaWEp1WlhSbGN6QWVGdzB5TXpFd016RXlNVE0zTkRCYUZ3MHpNekV3TWpneU1UUXlOREJhTUJVeApFekFSQmdOVkJBTVRDbXQxWW1WeWJtVjBaWE13Z2dFaU1BMEdDU3FHU0liM0RRRUJBUVVBQTRJQkR3QXdnZ0VLCkFvSUJBUUROckZTbU1pSmtjOGFzeWVJU0VMbWcrYUdGSkxtNXFTanBrUFJZY3ptZFQ3dzRvMUd4VHN5RTlhV2YKQllhSlE5TzI0SEwyQXRscGsxeVpjNjR6dXlBVlQxQ3hpYStQZWhpMWVvZmQ4cXJGK20vMnhSQzJ2NnB1dnNSUApIQ2g1Y2NxZkdRYktyNlRmMTVkVlhTY2Y1UHk0bFNENi9FMDhaNGRGbUFjWjBTclYvWTU5c3pZZ1JybTVlclA5CmZIbmY5Z2tvd3RnZ0NaSjZSOVU4TURmUUw0THl6UUIzVW9uUDZZMUljTmJ6NVlPYjZ1dk14S2dvNk1qRlRXenkKNTlWcldHTU10ZHhDdzU3WWNUSFkvWUhlNE9tcnRHZ0FRWi8rc04xdHJHL3o1Zm1jU0p5bHdyR2M5TldMTUZjWAphc2QzVC9iV2lGaTdjWmgxSUg4bkQ4N3VxdDd0QWdNQkFBR2pXVEJYTUE0R0ExVWREd0VCL3dRRUF3SUNwREFQCkJnTlZIUk1CQWY4RUJUQURBUUgvTUIwR0ExVWREZ1FXQkJRczErTExSNUg4ZitSYXhHR1prbC9GZUFQS0V6QVYKQmdOVkhSRUVEakFNZ2dwcmRXSmxjbTVsZEdWek1BMEdDU3FHU0liM0RRRUJDd1VBQTRJQkFRQ0xjR1hDYTl5WAppQVhKdnh1VGMvbEFYUTQ4Tkw3ZW1UZUdydXdzcWdkMEczWXV4azRLSzZwTnNXSkVxV3crUlQzUVpoc2Rua0VvCmwxdUJ6S2crNk5LSlpKdUFyektFdEk5ZGl4QWFmemhiQ0p5cExLU1YrV0RQTUlFNWJaOEgvei9UbDlLaVVXdU4KMDExd1E0N0RlNy9XQXRXVFFEcGFKa1JNYXNybWc3N2JXVUM0MmxGa2JEZXFZc0JUWnArVkUrMFlIYVdVaG5OcApmTUYrdFN6ZTlTcHpZcG1zeCtENlFSOE41THZaSG5JLzhpR1E5aFhOSGJLcXZhZ3ZEd2Roc3dEZ3dWTTFXQkdzCnFZeVZSaUMwTTl4MDQ1MmhIZkRzMFVrei9GOG84RUtiVkVDNWh1QnlQdUN4MWd5S3RRa25HdTcwM2NzUjJ5MXAKRHg2SUJvUTBmZzJMCi0tLS0tRU5EIENFUlRJRklDQVRFLS0tLS0K"
              }
            ],
            "created_at": "2023-10-31 21:38:00.957 +0000 UTC",
            "enabled_cluster_log_types": null,
            "encryption_config": [],
            "endpoint": "https://6DB2EF7961214B134D2A6B5F9A276955.gr7.us-west-2.eks.amazonaws.com",
            "id": "demo",
            "identity": [
              {
                "oidc": [
                  {
                    "issuer": "https://oidc.eks.us-west-2.amazonaws.com/id/6DB2EF7961214B134D2A6B5F9A276955"
                  }
                ]
              }
            ],
            "kubernetes_network_config": [
              {
                "ip_family": "ipv4",
                "service_ipv4_cidr": "172.20.0.0/16"
              }
            ],
            "name": "demo",
            "platform_version": "eks.2",
            "role_arn": "arn:aws:iam::644342757604:role/java-application",
            "status": "ACTIVE",
            "tags": null,
            "tags_all": {},
            "timeouts": null,
            "version": "1.28",
            "vpc_config": [
              {
                "cluster_security_group_id": "sg-086919791b4cb410d",
                "endpoint_private_access": false,
                "endpoint_public_access": true,
                "public_access_cidrs": [
                  "0.0.0.0/0"
                ],
                "security_group_ids": null,
                "subnet_ids": [
                  "subnet-0053e779ad24811a5",
                  "subnet-0327a0f238081550a",
                  "subnet-0374751282207df3b",
                  "subnet-0cb5ea815a85ea454"
                ],
                "vpc_id": "vpc-048f29703f11c8cf2"
              }
            ]
          },
          "sensitive_attributes": [],
          "private": "eyJlMmJmYjczMC1lY2FhLTExZTYtOGY4OC0zNDM2M2JjN2M0YzAiOnsiY3JlYXRlIjoxODAwMDAwMDAwMDAwLCJkZWxldGUiOjkwMDAwMDAwMDAwMCwidXBkYXRlIjozNjAwMDAwMDAwMDAwfX0=",
          "dependencies": [
            "module.aws_eks_cluster.aws_iam_role.demo",
            "module.aws_eks_cluster.aws_iam_role_policy_attachment.demo-AmazonEKSClusterPolicy",
            "module.aws_eks_cluster.aws_subnet.private-us-east-2a",
            "module.aws_eks_cluster.aws_subnet.private-us-east-2b",
            "module.aws_eks_cluster.aws_subnet.public-us-east-2a",
            "module.aws_eks_cluster.aws_subnet.public-us-east-2b",
            "module.aws_eks_cluster.aws_vpc.main"
          ]
        }
      ]
    },
    {
      "module": "module.aws_eks_cluster",
      "mode": "managed",
      "type": "aws_eks_node_group",
      "name": "public-nodes",
      "provider": "provider[\"registry.terraform.io/hashicorp/aws\"]",
      "instances": [
        {
          "schema_version": 0,
          "attributes": {
            "ami_type": "AL2_x86_64",
            "arn": "arn:aws:eks:us-west-2:644342757604:nodegroup/demo/public-nodes/e0c5c3da-00e6-a814-378c-a9611bce1a65",
            "capacity_type": "ON_DEMAND",
            "cluster_name": "demo",
            "disk_size": 20,
            "force_update_version": null,
            "id": "demo:public-nodes",
            "instance_types": [
              "t2.micro"
            ],
            "labels": {
              "role": "general"
            },
            "launch_template": [],
            "node_group_name": "public-nodes",
            "node_group_name_prefix": "",
            "node_role_arn": "arn:aws:iam::644342757604:role/eks-node-group-nodes",
            "release_version": "1.28.1-20231002",
            "remote_access": [],
            "resources": [
              {
                "autoscaling_groups": [
                  {
                    "name": "eks-public-nodes-e0c5c3da-00e6-a814-378c-a9611bce1a65"
                  }
                ],
                "remote_access_security_group_id": ""
              }
            ],
            "scaling_config": [
              {
                "desired_size": 3,
                "max_size": 3,
                "min_size": 1
              }
            ],
            "status": "ACTIVE",
            "subnet_ids": [
              "subnet-0053e779ad24811a5",
              "subnet-0cb5ea815a85ea454"
            ],
            "tags": null,
            "tags_all": {},
            "taint": [],
            "timeouts": null,
            "update_config": [
              {
                "max_unavailable": 2,
                "max_unavailable_percentage": 0
              }
            ],
            "version": "1.28"
          },
          "sensitive_attributes": [],
          "private": "eyJlMmJmYjczMC1lY2FhLTExZTYtOGY4OC0zNDM2M2JjN2M0YzAiOnsiY3JlYXRlIjozNjAwMDAwMDAwMDAwLCJkZWxldGUiOjM2MDAwMDAwMDAwMDAsInVwZGF0ZSI6MzYwMDAwMDAwMDAwMH19",
          "dependencies": [
            "module.aws_eks_cluster.aws_eks_cluster.demo",
            "module.aws_eks_cluster.aws_iam_role.demo",
            "module.aws_eks_cluster.aws_iam_role.nodes",
            "module.aws_eks_cluster.aws_iam_role_policy_attachment.demo-AmazonEKSClusterPolicy",
            "module.aws_eks_cluster.aws_iam_role_policy_attachment.nodes-AmazonEC2ContainerRegistryReadOnly",
            "module.aws_eks_cluster.aws_iam_role_policy_attachment.nodes-AmazonEKSWorkerNodePolicy",
            "module.aws_eks_cluster.aws_iam_role_policy_attachment.nodes-AmazonEKS_CNI_Policy",
            "module.aws_eks_cluster.aws_subnet.private-us-east-2a",
            "module.aws_eks_cluster.aws_subnet.private-us-east-2b",
            "module.aws_eks_cluster.aws_subnet.public-us-east-2a",
            "module.aws_eks_cluster.aws_subnet.public-us-east-2b",
            "module.aws_eks_cluster.aws_vpc.main"
          ]
        }
      ]
    },
    {
      "module": "module.aws_eks_cluster",
      "mode": "managed",
      "type": "aws_iam_role",
      "name": "demo",
      "provider": "provider[\"registry.terraform.io/hashicorp/aws\"]",
      "instances": [
        {
          "schema_version": 0,
          "attributes": {
            "arn": "arn:aws:iam::644342757604:role/java-application",
            "assume_role_policy": "{\"Version\":\"2012-10-17\",\"Statement\":[{\"Effect\":\"Allow\",\"Principal\":{\"Service\":\"eks.amazonaws.com\"},\"Action\":\"sts:AssumeRole\"}]}",
            "create_date": "2023-10-31T21:29:32Z",
            "description": "",
            "force_detach_policies": false,
            "id": "java-application",
            "inline_policy": [
              {
                "name": "",
                "policy": ""
              }
            ],
            "managed_policy_arns": [
              "arn:aws:iam::aws:policy/AmazonEKSClusterPolicy"
            ],
            "max_session_duration": 3600,
            "name": "java-application",
            "name_prefix": "",
            "path": "/",
            "permissions_boundary": null,
            "tags": {},
            "tags_all": {},
            "unique_id": "AROAZMBOSHDSBNVO55D7R"
          },
          "sensitive_attributes": [],
          "private": "bnVsbA=="
        }
      ]
    },
    {
      "module": "module.aws_eks_cluster",
      "mode": "managed",
      "type": "aws_iam_role",
      "name": "nodes",
      "provider": "provider[\"registry.terraform.io/hashicorp/aws\"]",
      "instances": [
        {
          "schema_version": 0,
          "attributes": {
            "arn": "arn:aws:iam::644342757604:role/eks-node-group-nodes",
            "assume_role_policy": "{\"Version\":\"2012-10-17\",\"Statement\":[{\"Effect\":\"Allow\",\"Principal\":{\"Service\":\"ec2.amazonaws.com\"},\"Action\":\"sts:AssumeRole\"}]}",
            "create_date": "2023-10-31T21:29:32Z",
            "description": "",
            "force_detach_policies": false,
            "id": "eks-node-group-nodes",
            "inline_policy": [
              {
                "name": "",
                "policy": ""
              }
            ],
            "managed_policy_arns": [
              "arn:aws:iam::aws:policy/AmazonEC2ContainerRegistryReadOnly",
              "arn:aws:iam::aws:policy/AmazonEKSWorkerNodePolicy",
              "arn:aws:iam::aws:policy/AmazonEKS_CNI_Policy"
            ],
            "max_session_duration": 3600,
            "name": "eks-node-group-nodes",
            "name_prefix": "",
            "path": "/",
            "permissions_boundary": null,
            "tags": {},
            "tags_all": {},
            "unique_id": "AROAZMBOSHDSB5TJO7B7O"
          },
          "sensitive_attributes": [],
          "private": "bnVsbA=="
        }
      ]
    },
    {
      "module": "module.aws_eks_cluster",
      "mode": "managed",
      "type": "aws_iam_role_policy_attachment",
      "name": "demo-AmazonEKSClusterPolicy",
      "provider": "provider[\"registry.terraform.io/hashicorp/aws\"]",
      "instances": [
        {
          "schema_version": 0,
          "attributes": {
            "id": "java-application-20230821225832517400000001",
            "policy_arn": "arn:aws:iam::aws:policy/AmazonEKSClusterPolicy",
            "role": "java-application"
          },
          "sensitive_attributes": [],
          "private": "bnVsbA==",
          "dependencies": [
            "module.aws_eks_cluster.aws_iam_role.demo"
          ]
        }
      ]
    },
    {
      "module": "module.aws_eks_cluster",
      "mode": "managed",
      "type": "aws_iam_role_policy_attachment",
      "name": "nodes-AmazonEC2ContainerRegistryReadOnly",
      "provider": "provider[\"registry.terraform.io/hashicorp/aws\"]",
      "instances": [
        {
          "schema_version": 0,
          "attributes": {
            "id": "eks-node-group-nodes-20230821225832542600000002",
            "policy_arn": "arn:aws:iam::aws:policy/AmazonEC2ContainerRegistryReadOnly",
            "role": "eks-node-group-nodes"
          },
          "sensitive_attributes": [],
          "private": "bnVsbA==",
          "dependencies": [
            "module.aws_eks_cluster.aws_iam_role.nodes"
          ]
        }
      ]
    },
    {
      "module": "module.aws_eks_cluster",
      "mode": "managed",
      "type": "aws_iam_role_policy_attachment",
      "name": "nodes-AmazonEKSWorkerNodePolicy",
      "provider": "provider[\"registry.terraform.io/hashicorp/aws\"]",
      "instances": [
        {
          "schema_version": 0,
          "attributes": {
            "id": "eks-node-group-nodes-20230821225832561900000003",
            "policy_arn": "arn:aws:iam::aws:policy/AmazonEKSWorkerNodePolicy",
            "role": "eks-node-group-nodes"
          },
          "sensitive_attributes": [],
          "private": "bnVsbA==",
          "dependencies": [
            "module.aws_eks_cluster.aws_iam_role.nodes"
          ]
        }
      ]
    },
    {
      "module": "module.aws_eks_cluster",
      "mode": "managed",
      "type": "aws_iam_role_policy_attachment",
      "name": "nodes-AmazonEKS_CNI_Policy",
      "provider": "provider[\"registry.terraform.io/hashicorp/aws\"]",
      "instances": [
        {
          "schema_version": 0,
          "attributes": {
            "id": "eks-node-group-nodes-20230821225832604400000004",
            "policy_arn": "arn:aws:iam::aws:policy/AmazonEKS_CNI_Policy",
            "role": "eks-node-group-nodes"
          },
          "sensitive_attributes": [],
          "private": "bnVsbA==",
          "dependencies": [
            "module.aws_eks_cluster.aws_iam_role.nodes"
          ]
        }
      ]
    },
    {
      "module": "module.aws_eks_cluster",
      "mode": "managed",
      "type": "aws_internet_gateway",
      "name": "igw",
      "provider": "provider[\"registry.terraform.io/hashicorp/aws\"]",
      "instances": [
        {
          "schema_version": 0,
          "attributes": {
            "arn": "arn:aws:ec2:us-west-2:644342757604:internet-gateway/igw-082842cb397420913",
            "id": "igw-082842cb397420913",
            "owner_id": "644342757604",
            "tags": {
              "Name": "igw"
            },
            "tags_all": {
              "Name": "igw"
            },
            "vpc_id": "vpc-048f29703f11c8cf2"
          },
          "sensitive_attributes": [],
          "private": "bnVsbA==",
          "dependencies": [
            "module.aws_eks_cluster.aws_vpc.main"
          ]
        }
      ]
    },
    {
      "module": "module.aws_eks_cluster",
      "mode": "managed",
      "type": "aws_nat_gateway",
      "name": "nat",
      "provider": "provider[\"registry.terraform.io/hashicorp/aws\"]",
      "instances": [
        {
          "schema_version": 0,
          "attributes": {
            "allocation_id": "eipalloc-0949833ddea1d62d5",
            "connectivity_type": "public",
            "id": "nat-0f3daf7b6e387b15c",
            "network_interface_id": "eni-02f521dddc0e0a029",
            "private_ip": "10.0.64.169",
            "public_ip": "44.233.202.116",
            "subnet_id": "subnet-0cb5ea815a85ea454",
            "tags": {
              "Name": "nat"
            },
            "tags_all": {
              "Name": "nat"
            }
          },
          "sensitive_attributes": [],
          "private": "bnVsbA==",
          "dependencies": [
            "module.aws_eks_cluster.aws_eip.nat",
            "module.aws_eks_cluster.aws_internet_gateway.igw",
            "module.aws_eks_cluster.aws_subnet.public-us-east-2a",
            "module.aws_eks_cluster.aws_vpc.main"
          ]
        }
      ]
    },
    {
      "module": "module.aws_eks_cluster",
      "mode": "managed",
      "type": "aws_route_table",
      "name": "private",
      "provider": "provider[\"registry.terraform.io/hashicorp/aws\"]",
      "instances": [
        {
          "schema_version": 0,
          "attributes": {
            "arn": "arn:aws:ec2:us-west-2:644342757604:route-table/rtb-0c28277d2cc57f274",
            "id": "rtb-0c28277d2cc57f274",
            "owner_id": "644342757604",
            "propagating_vgws": [],
            "route": [
              {
                "carrier_gateway_id": "",
                "cidr_block": "0.0.0.0/0",
                "destination_prefix_list_id": "",
                "egress_only_gateway_id": "",
                "gateway_id": "",
                "instance_id": "",
                "ipv6_cidr_block": "",
                "local_gateway_id": "",
                "nat_gateway_id": "nat-0f3daf7b6e387b15c",
                "network_interface_id": "",
                "transit_gateway_id": "",
                "vpc_endpoint_id": "",
                "vpc_peering_connection_id": ""
              }
            ],
            "tags": {
              "Name": "private"
            },
            "tags_all": {
              "Name": "private"
            },
            "timeouts": null,
            "vpc_id": "vpc-048f29703f11c8cf2"
          },
          "sensitive_attributes": [],
          "private": "eyJlMmJmYjczMC1lY2FhLTExZTYtOGY4OC0zNDM2M2JjN2M0YzAiOnsiY3JlYXRlIjozMDAwMDAwMDAwMDAsImRlbGV0ZSI6MzAwMDAwMDAwMDAwLCJ1cGRhdGUiOjEyMDAwMDAwMDAwMH19",
          "dependencies": [
            "module.aws_eks_cluster.aws_eip.nat",
            "module.aws_eks_cluster.aws_internet_gateway.igw",
            "module.aws_eks_cluster.aws_nat_gateway.nat",
            "module.aws_eks_cluster.aws_subnet.public-us-east-2a",
            "module.aws_eks_cluster.aws_vpc.main"
          ]
        }
      ]
    },
    {
      "module": "module.aws_eks_cluster",
      "mode": "managed",
      "type": "aws_route_table",
      "name": "public",
      "provider": "provider[\"registry.terraform.io/hashicorp/aws\"]",
      "instances": [
        {
          "schema_version": 0,
          "attributes": {
            "arn": "arn:aws:ec2:us-west-2:644342757604:route-table/rtb-056d5abbdfd97576d",
            "id": "rtb-056d5abbdfd97576d",
            "owner_id": "644342757604",
            "propagating_vgws": [],
            "route": [
              {
                "carrier_gateway_id": "",
                "cidr_block": "0.0.0.0/0",
                "destination_prefix_list_id": "",
                "egress_only_gateway_id": "",
                "gateway_id": "igw-082842cb397420913",
                "instance_id": "",
                "ipv6_cidr_block": "",
                "local_gateway_id": "",
                "nat_gateway_id": "",
                "network_interface_id": "",
                "transit_gateway_id": "",
                "vpc_endpoint_id": "",
                "vpc_peering_connection_id": ""
              }
            ],
            "tags": {
              "Name": "public"
            },
            "tags_all": {
              "Name": "public"
            },
            "timeouts": null,
            "vpc_id": "vpc-048f29703f11c8cf2"
          },
          "sensitive_attributes": [],
          "private": "eyJlMmJmYjczMC1lY2FhLTExZTYtOGY4OC0zNDM2M2JjN2M0YzAiOnsiY3JlYXRlIjozMDAwMDAwMDAwMDAsImRlbGV0ZSI6MzAwMDAwMDAwMDAwLCJ1cGRhdGUiOjEyMDAwMDAwMDAwMH19",
          "dependencies": [
            "module.aws_eks_cluster.aws_internet_gateway.igw",
            "module.aws_eks_cluster.aws_vpc.main"
          ]
        }
      ]
    },
    {
      "module": "module.aws_eks_cluster",
      "mode": "managed",
      "type": "aws_route_table_association",
      "name": "private-us-east-2a",
      "provider": "provider[\"registry.terraform.io/hashicorp/aws\"]",
      "instances": [
        {
          "schema_version": 0,
          "attributes": {
            "gateway_id": "",
            "id": "rtbassoc-021def36cba3ff21c",
            "route_table_id": "rtb-0c28277d2cc57f274",
            "subnet_id": "subnet-0327a0f238081550a"
          },
          "sensitive_attributes": [],
          "private": "bnVsbA==",
          "dependencies": [
            "module.aws_eks_cluster.aws_eip.nat",
            "module.aws_eks_cluster.aws_internet_gateway.igw",
            "module.aws_eks_cluster.aws_nat_gateway.nat",
            "module.aws_eks_cluster.aws_route_table.private",
            "module.aws_eks_cluster.aws_subnet.private-us-east-2a",
            "module.aws_eks_cluster.aws_subnet.public-us-east-2a",
            "module.aws_eks_cluster.aws_vpc.main"
          ]
        }
      ]
    },
    {
      "module": "module.aws_eks_cluster",
      "mode": "managed",
      "type": "aws_route_table_association",
      "name": "private-us-east-2b",
      "provider": "provider[\"registry.terraform.io/hashicorp/aws\"]",
      "instances": [
        {
          "schema_version": 0,
          "attributes": {
            "gateway_id": "",
            "id": "rtbassoc-0a2b6b30d702aba5f",
            "route_table_id": "rtb-0c28277d2cc57f274",
            "subnet_id": "subnet-0374751282207df3b"
          },
          "sensitive_attributes": [],
          "private": "bnVsbA==",
          "dependencies": [
            "module.aws_eks_cluster.aws_eip.nat",
            "module.aws_eks_cluster.aws_internet_gateway.igw",
            "module.aws_eks_cluster.aws_nat_gateway.nat",
            "module.aws_eks_cluster.aws_route_table.private",
            "module.aws_eks_cluster.aws_subnet.private-us-east-2b",
            "module.aws_eks_cluster.aws_subnet.public-us-east-2a",
            "module.aws_eks_cluster.aws_vpc.main"
          ]
        }
      ]
    },
    {
      "module": "module.aws_eks_cluster",
      "mode": "managed",
      "type": "aws_route_table_association",
      "name": "public-us-east-2a",
      "provider": "provider[\"registry.terraform.io/hashicorp/aws\"]",
      "instances": [
        {
          "schema_version": 0,
          "attributes": {
            "gateway_id": "",
            "id": "rtbassoc-0dfe47944895d154a",
            "route_table_id": "rtb-056d5abbdfd97576d",
            "subnet_id": "subnet-0cb5ea815a85ea454"
          },
          "sensitive_attributes": [],
          "private": "bnVsbA==",
          "dependencies": [
            "module.aws_eks_cluster.aws_internet_gateway.igw",
            "module.aws_eks_cluster.aws_route_table.public",
            "module.aws_eks_cluster.aws_subnet.public-us-east-2a",
            "module.aws_eks_cluster.aws_vpc.main"
          ]
        }
      ]
    },
    {
      "module": "module.aws_eks_cluster",
      "mode": "managed",
      "type": "aws_route_table_association",
      "name": "public-us-east-2b",
      "provider": "provider[\"registry.terraform.io/hashicorp/aws\"]",
      "instances": [
        {
          "schema_version": 0,
          "attributes": {
            "gateway_id": "",
            "id": "rtbassoc-0ba120c4504069177",
            "route_table_id": "rtb-056d5abbdfd97576d",
            "subnet_id": "subnet-0053e779ad24811a5"
          },
          "sensitive_attributes": [],
          "private": "bnVsbA==",
          "dependencies": [
            "module.aws_eks_cluster.aws_internet_gateway.igw",
            "module.aws_eks_cluster.aws_route_table.public",
            "module.aws_eks_cluster.aws_subnet.public-us-east-2b",
            "module.aws_eks_cluster.aws_vpc.main"
          ]
        }
      ]
    },
    {
      "module": "module.aws_eks_cluster",
      "mode": "managed",
      "type": "aws_subnet",
      "name": "private-us-east-2a",
      "provider": "provider[\"registry.terraform.io/hashicorp/aws\"]",
      "instances": [
        {
          "schema_version": 1,
          "attributes": {
            "arn": "arn:aws:ec2:us-west-2:644342757604:subnet/subnet-0327a0f238081550a",
            "assign_ipv6_address_on_creation": false,
            "availability_zone": "us-west-2a",
            "availability_zone_id": "usw2-az1",
            "cidr_block": "10.0.0.0/19",
            "customer_owned_ipv4_pool": "",
            "enable_dns64": false,
            "enable_resource_name_dns_a_record_on_launch": false,
            "enable_resource_name_dns_aaaa_record_on_launch": false,
            "id": "subnet-0327a0f238081550a",
            "ipv6_cidr_block": "",
            "ipv6_cidr_block_association_id": "",
            "ipv6_native": false,
            "map_customer_owned_ip_on_launch": false,
            "map_public_ip_on_launch": false,
            "outpost_arn": "",
            "owner_id": "644342757604",
            "private_dns_hostname_type_on_launch": "ip-name",
            "tags": {
              "Name": "private-us-us-west-2a",
              "kubernetes.io/cluster/demo": "owned",
              "kubernetes.io/role/internal-elb": "1"
            },
            "tags_all": {
              "Name": "private-us-us-west-2a",
              "kubernetes.io/cluster/demo": "owned",
              "kubernetes.io/role/internal-elb": "1"
            },
            "timeouts": null,
            "vpc_id": "vpc-048f29703f11c8cf2"
          },
          "sensitive_attributes": [],
          "private": "eyJlMmJmYjczMC1lY2FhLTExZTYtOGY4OC0zNDM2M2JjN2M0YzAiOnsiY3JlYXRlIjo2MDAwMDAwMDAwMDAsImRlbGV0ZSI6MTIwMDAwMDAwMDAwMH0sInNjaGVtYV92ZXJzaW9uIjoiMSJ9",
          "dependencies": [
            "module.aws_eks_cluster.aws_vpc.main"
          ]
        }
      ]
    },
    {
      "module": "module.aws_eks_cluster",
      "mode": "managed",
      "type": "aws_subnet",
      "name": "private-us-east-2b",
      "provider": "provider[\"registry.terraform.io/hashicorp/aws\"]",
      "instances": [
        {
          "schema_version": 1,
          "attributes": {
            "arn": "arn:aws:ec2:us-west-2:644342757604:subnet/subnet-0374751282207df3b",
            "assign_ipv6_address_on_creation": false,
            "availability_zone": "us-west-2b",
            "availability_zone_id": "usw2-az2",
            "cidr_block": "10.0.32.0/19",
            "customer_owned_ipv4_pool": "",
            "enable_dns64": false,
            "enable_resource_name_dns_a_record_on_launch": false,
            "enable_resource_name_dns_aaaa_record_on_launch": false,
            "id": "subnet-0374751282207df3b",
            "ipv6_cidr_block": "",
            "ipv6_cidr_block_association_id": "",
            "ipv6_native": false,
            "map_customer_owned_ip_on_launch": false,
            "map_public_ip_on_launch": false,
            "outpost_arn": "",
            "owner_id": "644342757604",
            "private_dns_hostname_type_on_launch": "ip-name",
            "tags": {
              "Name": "private-us-west-2b",
              "kubernetes.io/cluster/demo": "owned",
              "kubernetes.io/role/internal-elb": "1"
            },
            "tags_all": {
              "Name": "private-us-west-2b",
              "kubernetes.io/cluster/demo": "owned",
              "kubernetes.io/role/internal-elb": "1"
            },
            "timeouts": null,
            "vpc_id": "vpc-048f29703f11c8cf2"
          },
          "sensitive_attributes": [],
          "private": "eyJlMmJmYjczMC1lY2FhLTExZTYtOGY4OC0zNDM2M2JjN2M0YzAiOnsiY3JlYXRlIjo2MDAwMDAwMDAwMDAsImRlbGV0ZSI6MTIwMDAwMDAwMDAwMH0sInNjaGVtYV92ZXJzaW9uIjoiMSJ9",
          "dependencies": [
            "module.aws_eks_cluster.aws_vpc.main"
          ]
        }
      ]
    },
    {
      "module": "module.aws_eks_cluster",
      "mode": "managed",
      "type": "aws_subnet",
      "name": "public-us-east-2a",
      "provider": "provider[\"registry.terraform.io/hashicorp/aws\"]",
      "instances": [
        {
          "schema_version": 1,
          "attributes": {
            "arn": "arn:aws:ec2:us-west-2:644342757604:subnet/subnet-0cb5ea815a85ea454",
            "assign_ipv6_address_on_creation": false,
            "availability_zone": "us-west-2c",
            "availability_zone_id": "usw2-az3",
            "cidr_block": "10.0.64.0/19",
            "customer_owned_ipv4_pool": "",
            "enable_dns64": false,
            "enable_resource_name_dns_a_record_on_launch": false,
            "enable_resource_name_dns_aaaa_record_on_launch": false,
            "id": "subnet-0cb5ea815a85ea454",
            "ipv6_cidr_block": "",
            "ipv6_cidr_block_association_id": "",
            "ipv6_native": false,
            "map_customer_owned_ip_on_launch": false,
            "map_public_ip_on_launch": true,
            "outpost_arn": "",
            "owner_id": "644342757604",
            "private_dns_hostname_type_on_launch": "ip-name",
            "tags": {
              "Name": "public-us-west-2c",
              "kubernetes.io/cluster/demo": "owned",
              "kubernetes.io/role/elb": "1"
            },
            "tags_all": {
              "Name": "public-us-west-2c",
              "kubernetes.io/cluster/demo": "owned",
              "kubernetes.io/role/elb": "1"
            },
            "timeouts": null,
            "vpc_id": "vpc-048f29703f11c8cf2"
          },
          "sensitive_attributes": [],
          "private": "eyJlMmJmYjczMC1lY2FhLTExZTYtOGY4OC0zNDM2M2JjN2M0YzAiOnsiY3JlYXRlIjo2MDAwMDAwMDAwMDAsImRlbGV0ZSI6MTIwMDAwMDAwMDAwMH0sInNjaGVtYV92ZXJzaW9uIjoiMSJ9",
          "dependencies": [
            "module.aws_eks_cluster.aws_vpc.main"
          ]
        }
      ]
    },
    {
      "module": "module.aws_eks_cluster",
      "mode": "managed",
      "type": "aws_subnet",
      "name": "public-us-east-2b",
      "provider": "provider[\"registry.terraform.io/hashicorp/aws\"]",
      "instances": [
        {
          "schema_version": 1,
          "attributes": {
            "arn": "arn:aws:ec2:us-west-2:644342757604:subnet/subnet-0053e779ad24811a5",
            "assign_ipv6_address_on_creation": false,
            "availability_zone": "us-west-2d",
            "availability_zone_id": "usw2-az4",
            "cidr_block": "10.0.96.0/19",
            "customer_owned_ipv4_pool": "",
            "enable_dns64": false,
            "enable_resource_name_dns_a_record_on_launch": false,
            "enable_resource_name_dns_aaaa_record_on_launch": false,
            "id": "subnet-0053e779ad24811a5",
            "ipv6_cidr_block": "",
            "ipv6_cidr_block_association_id": "",
            "ipv6_native": false,
            "map_customer_owned_ip_on_launch": false,
            "map_public_ip_on_launch": true,
            "outpost_arn": "",
            "owner_id": "644342757604",
            "private_dns_hostname_type_on_launch": "ip-name",
            "tags": {
              "Name": "public-us-west-2d",
              "kubernetes.io/cluster/demo": "owned",
              "kubernetes.io/role/elb": "1"
            },
            "tags_all": {
              "Name": "public-us-west-2d",
              "kubernetes.io/cluster/demo": "owned",
              "kubernetes.io/role/elb": "1"
            },
            "timeouts": null,
            "vpc_id": "vpc-048f29703f11c8cf2"
          },
          "sensitive_attributes": [],
          "private": "eyJlMmJmYjczMC1lY2FhLTExZTYtOGY4OC0zNDM2M2JjN2M0YzAiOnsiY3JlYXRlIjo2MDAwMDAwMDAwMDAsImRlbGV0ZSI6MTIwMDAwMDAwMDAwMH0sInNjaGVtYV92ZXJzaW9uIjoiMSJ9",
          "dependencies": [
            "module.aws_eks_cluster.aws_vpc.main"
          ]
        }
      ]
    },
    {
      "module": "module.aws_eks_cluster",
      "mode": "managed",
      "type": "aws_vpc",
      "name": "main",
      "provider": "provider[\"registry.terraform.io/hashicorp/aws\"]",
      "instances": [
        {
          "schema_version": 1,
          "attributes": {
            "arn": "arn:aws:ec2:us-west-2:644342757604:vpc/vpc-048f29703f11c8cf2",
            "assign_generated_ipv6_cidr_block": false,
            "cidr_block": "10.0.0.0/16",
            "default_network_acl_id": "acl-0a0869370aca50ed0",
            "default_route_table_id": "rtb-0d0774d40b8889bd1",
            "default_security_group_id": "sg-08f359dec865f6eba",
            "dhcp_options_id": "dopt-01449fc8c01f0305b",
            "enable_classiclink": false,
            "enable_classiclink_dns_support": false,
            "enable_dns_hostnames": false,
            "enable_dns_support": true,
            "id": "vpc-048f29703f11c8cf2",
            "instance_tenancy": "default",
            "ipv4_ipam_pool_id": null,
            "ipv4_netmask_length": null,
            "ipv6_association_id": "",
            "ipv6_cidr_block": "",
            "ipv6_cidr_block_network_border_group": "",
            "ipv6_ipam_pool_id": "",
            "ipv6_netmask_length": 0,
            "main_route_table_id": "rtb-0d0774d40b8889bd1",
            "owner_id": "644342757604",
            "tags": {
              "Name": "main"
            },
            "tags_all": {
              "Name": "main"
            }
          },
          "sensitive_attributes": [],
          "private": "eyJzY2hlbWFfdmVyc2lvbiI6IjEifQ=="
        }
      ]
    }
  ],
  "check_results": null
}
